# This file is automatically @generated by pesde.
# It is not intended for manual editing.
format = 2
name = "mocha_tc/root"
version = "0.0.0"
target = "roblox"

[workspace."mocha_tc/converter"]
roblox = "pkgs/converter"

[workspace."mocha_tc/logger"]
roblox = "pkgs/logger"

[workspace."mocha_tc/plugin"]
roblox = "pkgs/plugin"

[workspace."mocha_tc/plugin_build"]
roblox = "plugin"

[workspace."mocha_tc/types"]
roblox = "pkgs/types"

[workspace."mocha_tc/utils"]
roblox = "pkgs/utils"
